// !$*UTF8*$!
{
	archiveVersion = 1;
	classes = {
	};
	objectVersion = 46;
	objects = {

/* Begin PBXBuildFile section */
		3F0CFE271631AEFB00FAA6DD /* SFLocationViewController.m in Sources */ = {isa = PBXBuildFile; fileRef = 3F0CFE141631AEFB00FAA6DD /* SFLocationViewController.m */; };
		3F0CFE281631AEFB00FAA6DD /* SFPaneViewController.m in Sources */ = {isa = PBXBuildFile; fileRef = 3F0CFE161631AEFB00FAA6DD /* SFPaneViewController.m */; };
		3F0CFE291631AEFB00FAA6DD /* SFRadarViewController.m in Sources */ = {isa = PBXBuildFile; fileRef = 3F0CFE181631AEFB00FAA6DD /* SFRadarViewController.m */; };
		3F0CFE2A1631AEFB00FAA6DD /* SFSitegeistViewController.m in Sources */ = {isa = PBXBuildFile; fileRef = 3F0CFE1A1631AEFB00FAA6DD /* SFSitegeistViewController.m */; };
		3F0CFE2C1631AEFB00FAA6DD /* MapPinAnnotation.m in Sources */ = {isa = PBXBuildFile; fileRef = 3F0CFE1D1631AEFB00FAA6DD /* MapPinAnnotation.m */; };
		3F0CFE2D1631AEFB00FAA6DD /* SFAppDelegate.m in Sources */ = {isa = PBXBuildFile; fileRef = 3F0CFE1F1631AEFB00FAA6DD /* SFAppDelegate.m */; };
		3F0CFE2E1631AEFB00FAA6DD /* SFLocationView.m in Sources */ = {isa = PBXBuildFile; fileRef = 3F0CFE221631AEFB00FAA6DD /* SFLocationView.m */; };
		3F0CFE2F1631AEFB00FAA6DD /* SFPaneView.m in Sources */ = {isa = PBXBuildFile; fileRef = 3F0CFE241631AEFB00FAA6DD /* SFPaneView.m */; };
		3F0CFE301631AEFB00FAA6DD /* SFRadarView.m in Sources */ = {isa = PBXBuildFile; fileRef = 3F0CFE261631AEFB00FAA6DD /* SFRadarView.m */; };
		3F0CFE491631AF0100FAA6DD /* InfoPlist.strings in Resources */ = {isa = PBXBuildFile; fileRef = 3F0CFE321631AF0100FAA6DD /* InfoPlist.strings */; };
		3F0CFE4A1631AF0100FAA6DD /* 61-sunlight.png in Resources */ = {isa = PBXBuildFile; fileRef = 3F0CFE351631AF0100FAA6DD /* 61-sunlight.png */; };
		3F0CFE4B1631AF0100FAA6DD /* 61-sunlight@2x.png in Resources */ = {isa = PBXBuildFile; fileRef = 3F0CFE361631AF0100FAA6DD /* 61-sunlight@2x.png */; };
		3F0CFE4C1631AF0100FAA6DD /* 73-radar.png in Resources */ = {isa = PBXBuildFile; fileRef = 3F0CFE371631AF0100FAA6DD /* 73-radar.png */; };
		3F0CFE4D1631AF0100FAA6DD /* 73-radar@2x.png in Resources */ = {isa = PBXBuildFile; fileRef = 3F0CFE381631AF0100FAA6DD /* 73-radar@2x.png */; };
		3F0CFE4E1631AF0100FAA6DD /* 74-location.png in Resources */ = {isa = PBXBuildFile; fileRef = 3F0CFE391631AF0100FAA6DD /* 74-location.png */; };
		3F0CFE4F1631AF0100FAA6DD /* 74-location@2x.png in Resources */ = {isa = PBXBuildFile; fileRef = 3F0CFE3A1631AF0100FAA6DD /* 74-location@2x.png */; };
		3F0CFE501631AF0100FAA6DD /* Default-568h@2x.png in Resources */ = {isa = PBXBuildFile; fileRef = 3F0CFE3B1631AF0100FAA6DD /* Default-568h@2x.png */; };
		3F0CFE511631AF0100FAA6DD /* Default.png in Resources */ = {isa = PBXBuildFile; fileRef = 3F0CFE3C1631AF0100FAA6DD /* Default.png */; };
		3F0CFE521631AF0100FAA6DD /* Default@2x.png in Resources */ = {isa = PBXBuildFile; fileRef = 3F0CFE3D1631AF0100FAA6DD /* Default@2x.png */; };
		3F0CFE531631AF0100FAA6DD /* icon_144.png in Resources */ = {isa = PBXBuildFile; fileRef = 3F0CFE3E1631AF0100FAA6DD /* icon_144.png */; };
		3F0CFE541631AF0100FAA6DD /* icon_57.png in Resources */ = {isa = PBXBuildFile; fileRef = 3F0CFE3F1631AF0100FAA6DD /* icon_57.png */; };
		3F0CFE551631AF0100FAA6DD /* nav-bg.png in Resources */ = {isa = PBXBuildFile; fileRef = 3F0CFE401631AF0100FAA6DD /* nav-bg.png */; };
		3F0CFE561631AF0100FAA6DD /* environment.jpg in Resources */ = {isa = PBXBuildFile; fileRef = 3F0CFE421631AF0100FAA6DD /* environment.jpg */; };
		3F0CFE571631AF0100FAA6DD /* fun.jpg in Resources */ = {isa = PBXBuildFile; fileRef = 3F0CFE431631AF0100FAA6DD /* fun.jpg */; };
		3F0CFE581631AF0100FAA6DD /* history.jpg in Resources */ = {isa = PBXBuildFile; fileRef = 3F0CFE441631AF0100FAA6DD /* history.jpg */; };
		3F0CFE591631AF0100FAA6DD /* housing.jpg in Resources */ = {isa = PBXBuildFile; fileRef = 3F0CFE451631AF0100FAA6DD /* housing.jpg */; };
		3F0CFE5A1631AF0100FAA6DD /* people.jpg in Resources */ = {isa = PBXBuildFile; fileRef = 3F0CFE461631AF0100FAA6DD /* people.jpg */; };
		3F0CFE5B1631AF0100FAA6DD /* Sitegeist iOS-Info.plist in Resources */ = {isa = PBXBuildFile; fileRef = 3F0CFE471631AF0100FAA6DD /* Sitegeist iOS-Info.plist */; };
		3F0CFE5F1631B2B200FAA6DD /* main.m in Sources */ = {isa = PBXBuildFile; fileRef = 3F0CFE5D1631B2B200FAA6DD /* main.m */; };
		3F0CFE691631B3F900FAA6DD /* libz.dylib in Frameworks */ = {isa = PBXBuildFile; fileRef = 3F0CFE681631B3F900FAA6DD /* libz.dylib */; };
		3F0CFEA11631C4C000FAA6DD /* AFHTTPClient.m in Sources */ = {isa = PBXBuildFile; fileRef = 3F0CFE8A1631C4BF00FAA6DD /* AFHTTPClient.m */; };
		3F0CFEA21631C4C000FAA6DD /* AFHTTPRequestOperation.m in Sources */ = {isa = PBXBuildFile; fileRef = 3F0CFE8C1631C4BF00FAA6DD /* AFHTTPRequestOperation.m */; };
		3F0CFEA31631C4C000FAA6DD /* AFImageRequestOperation.m in Sources */ = {isa = PBXBuildFile; fileRef = 3F0CFE8E1631C4BF00FAA6DD /* AFImageRequestOperation.m */; };
		3F0CFEA41631C4C000FAA6DD /* AFJSONRequestOperation.m in Sources */ = {isa = PBXBuildFile; fileRef = 3F0CFE901631C4BF00FAA6DD /* AFJSONRequestOperation.m */; };
		3F0CFEA51631C4C000FAA6DD /* AFNetworkActivityIndicatorManager.m in Sources */ = {isa = PBXBuildFile; fileRef = 3F0CFE921631C4BF00FAA6DD /* AFNetworkActivityIndicatorManager.m */; };
		3F0CFEA61631C4C000FAA6DD /* AFPropertyListRequestOperation.m in Sources */ = {isa = PBXBuildFile; fileRef = 3F0CFE951631C4BF00FAA6DD /* AFPropertyListRequestOperation.m */; };
		3F0CFEA71631C4C000FAA6DD /* AFURLConnectionOperation.m in Sources */ = {isa = PBXBuildFile; fileRef = 3F0CFE971631C4BF00FAA6DD /* AFURLConnectionOperation.m */; };
		3F0CFEA81631C4C000FAA6DD /* AFXMLRequestOperation.m in Sources */ = {isa = PBXBuildFile; fileRef = 3F0CFE991631C4BF00FAA6DD /* AFXMLRequestOperation.m */; };
		3F0CFEA91631C4C000FAA6DD /* UIImageView+AFNetworking.m in Sources */ = {isa = PBXBuildFile; fileRef = 3F0CFE9B1631C4BF00FAA6DD /* UIImageView+AFNetworking.m */; };
		3F0CFEAA1631C4C000FAA6DD /* libTestFlight.a in Frameworks */ = {isa = PBXBuildFile; fileRef = 3F0CFE9D1631C4BF00FAA6DD /* libTestFlight.a */; };
		3F0CFEAB1631C4C000FAA6DD /* README.md in Resources */ = {isa = PBXBuildFile; fileRef = 3F0CFE9E1631C4BF00FAA6DD /* README.md */; };
		3F0CFEAC1631C4C000FAA6DD /* release_notes.md in Resources */ = {isa = PBXBuildFile; fileRef = 3F0CFE9F1631C4C000FAA6DD /* release_notes.md */; };
		3F0CFEAF1631C7D600FAA6DD /* SFLoadingView.m in Sources */ = {isa = PBXBuildFile; fileRef = 3F0CFEAE1631C7D600FAA6DD /* SFLoadingView.m */; };
		3F2D6FCE161C9A57001E7791 /* MapKit.framework in Frameworks */ = {isa = PBXBuildFile; fileRef = 3F2D6FCD161C9A57001E7791 /* MapKit.framework */; };
		3FC5C9A516139ECF0078EA3A /* QuartzCore.framework in Frameworks */ = {isa = PBXBuildFile; fileRef = 3FC5C9A416139ECF0078EA3A /* QuartzCore.framework */; };
		3FD00CE316133E6B0096596F /* UIKit.framework in Frameworks */ = {isa = PBXBuildFile; fileRef = 3FD00CE216133E6B0096596F /* UIKit.framework */; };
		3FD00CE516133E6B0096596F /* Foundation.framework in Frameworks */ = {isa = PBXBuildFile; fileRef = 3FD00CE416133E6B0096596F /* Foundation.framework */; };
		3FD00CE716133E6B0096596F /* CoreGraphics.framework in Frameworks */ = {isa = PBXBuildFile; fileRef = 3FD00CE616133E6B0096596F /* CoreGraphics.framework */; };
		3FD00D0116133E6C0096596F /* SenTestingKit.framework in Frameworks */ = {isa = PBXBuildFile; fileRef = 3FD00D0016133E6C0096596F /* SenTestingKit.framework */; };
		3FD00D0216133E6C0096596F /* UIKit.framework in Frameworks */ = {isa = PBXBuildFile; fileRef = 3FD00CE216133E6B0096596F /* UIKit.framework */; };
		3FD00D0316133E6C0096596F /* Foundation.framework in Frameworks */ = {isa = PBXBuildFile; fileRef = 3FD00CE416133E6B0096596F /* Foundation.framework */; };
		3FD00D0B16133E6C0096596F /* InfoPlist.strings in Resources */ = {isa = PBXBuildFile; fileRef = 3FD00D0916133E6C0096596F /* InfoPlist.strings */; };
		3FD00D0E16133E6C0096596F /* Sitegeist_iOSTests.m in Sources */ = {isa = PBXBuildFile; fileRef = 3FD00D0D16133E6C0096596F /* Sitegeist_iOSTests.m */; };
/* End PBXBuildFile section */

/* Begin PBXContainerItemProxy section */
		3FD00D0416133E6C0096596F /* PBXContainerItemProxy */ = {
			isa = PBXContainerItemProxy;
			containerPortal = 3FD00CD516133E6B0096596F /* Project object */;
			proxyType = 1;
			remoteGlobalIDString = 3FD00CDD16133E6B0096596F;
			remoteInfo = "Sitegeist iOS";
		};
/* End PBXContainerItemProxy section */

/* Begin PBXFileReference section */
		3F0CFE131631AEFB00FAA6DD /* SFLocationViewController.h */ = {isa = PBXFileReference; fileEncoding = 4; lastKnownFileType = sourcecode.c.h; path = SFLocationViewController.h; sourceTree = "<group>"; };
		3F0CFE141631AEFB00FAA6DD /* SFLocationViewController.m */ = {isa = PBXFileReference; fileEncoding = 4; lastKnownFileType = sourcecode.c.objc; path = SFLocationViewController.m; sourceTree = "<group>"; };
		3F0CFE151631AEFB00FAA6DD /* SFPaneViewController.h */ = {isa = PBXFileReference; fileEncoding = 4; lastKnownFileType = sourcecode.c.h; path = SFPaneViewController.h; sourceTree = "<group>"; };
		3F0CFE161631AEFB00FAA6DD /* SFPaneViewController.m */ = {isa = PBXFileReference; fileEncoding = 4; lastKnownFileType = sourcecode.c.objc; path = SFPaneViewController.m; sourceTree = "<group>"; };
		3F0CFE171631AEFB00FAA6DD /* SFRadarViewController.h */ = {isa = PBXFileReference; fileEncoding = 4; lastKnownFileType = sourcecode.c.h; path = SFRadarViewController.h; sourceTree = "<group>"; };
		3F0CFE181631AEFB00FAA6DD /* SFRadarViewController.m */ = {isa = PBXFileReference; fileEncoding = 4; lastKnownFileType = sourcecode.c.objc; path = SFRadarViewController.m; sourceTree = "<group>"; };
		3F0CFE191631AEFB00FAA6DD /* SFSitegeistViewController.h */ = {isa = PBXFileReference; fileEncoding = 4; lastKnownFileType = sourcecode.c.h; path = SFSitegeistViewController.h; sourceTree = "<group>"; };
		3F0CFE1A1631AEFB00FAA6DD /* SFSitegeistViewController.m */ = {isa = PBXFileReference; fileEncoding = 4; lastKnownFileType = sourcecode.c.objc; path = SFSitegeistViewController.m; sourceTree = "<group>"; };
		3F0CFE1C1631AEFB00FAA6DD /* MapPinAnnotation.h */ = {isa = PBXFileReference; fileEncoding = 4; lastKnownFileType = sourcecode.c.h; path = MapPinAnnotation.h; sourceTree = "<group>"; };
		3F0CFE1D1631AEFB00FAA6DD /* MapPinAnnotation.m */ = {isa = PBXFileReference; fileEncoding = 4; lastKnownFileType = sourcecode.c.objc; path = MapPinAnnotation.m; sourceTree = "<group>"; };
		3F0CFE1E1631AEFB00FAA6DD /* SFAppDelegate.h */ = {isa = PBXFileReference; fileEncoding = 4; lastKnownFileType = sourcecode.c.h; path = SFAppDelegate.h; sourceTree = "<group>"; };
		3F0CFE1F1631AEFB00FAA6DD /* SFAppDelegate.m */ = {isa = PBXFileReference; fileEncoding = 4; lastKnownFileType = sourcecode.c.objc; path = SFAppDelegate.m; sourceTree = "<group>"; };
		3F0CFE211631AEFB00FAA6DD /* SFLocationView.h */ = {isa = PBXFileReference; fileEncoding = 4; lastKnownFileType = sourcecode.c.h; path = SFLocationView.h; sourceTree = "<group>"; };
		3F0CFE221631AEFB00FAA6DD /* SFLocationView.m */ = {isa = PBXFileReference; fileEncoding = 4; lastKnownFileType = sourcecode.c.objc; path = SFLocationView.m; sourceTree = "<group>"; };
		3F0CFE231631AEFB00FAA6DD /* SFPaneView.h */ = {isa = PBXFileReference; fileEncoding = 4; lastKnownFileType = sourcecode.c.h; path = SFPaneView.h; sourceTree = "<group>"; };
		3F0CFE241631AEFB00FAA6DD /* SFPaneView.m */ = {isa = PBXFileReference; fileEncoding = 4; lastKnownFileType = sourcecode.c.objc; path = SFPaneView.m; sourceTree = "<group>"; };
		3F0CFE251631AEFB00FAA6DD /* SFRadarView.h */ = {isa = PBXFileReference; fileEncoding = 4; lastKnownFileType = sourcecode.c.h; path = SFRadarView.h; sourceTree = "<group>"; };
		3F0CFE261631AEFB00FAA6DD /* SFRadarView.m */ = {isa = PBXFileReference; fileEncoding = 4; lastKnownFileType = sourcecode.c.objc; path = SFRadarView.m; sourceTree = "<group>"; };
		3F0CFE331631AF0100FAA6DD /* en */ = {isa = PBXFileReference; lastKnownFileType = text.plist.strings; name = en; path = en.lproj/InfoPlist.strings; sourceTree = "<group>"; };
		3F0CFE351631AF0100FAA6DD /* 61-sunlight.png */ = {isa = PBXFileReference; lastKnownFileType = image.png; path = "61-sunlight.png"; sourceTree = "<group>"; };
		3F0CFE361631AF0100FAA6DD /* 61-sunlight@2x.png */ = {isa = PBXFileReference; lastKnownFileType = image.png; path = "61-sunlight@2x.png"; sourceTree = "<group>"; };
		3F0CFE371631AF0100FAA6DD /* 73-radar.png */ = {isa = PBXFileReference; lastKnownFileType = image.png; path = "73-radar.png"; sourceTree = "<group>"; };
		3F0CFE381631AF0100FAA6DD /* 73-radar@2x.png */ = {isa = PBXFileReference; lastKnownFileType = image.png; path = "73-radar@2x.png"; sourceTree = "<group>"; };
		3F0CFE391631AF0100FAA6DD /* 74-location.png */ = {isa = PBXFileReference; lastKnownFileType = image.png; path = "74-location.png"; sourceTree = "<group>"; };
		3F0CFE3A1631AF0100FAA6DD /* 74-location@2x.png */ = {isa = PBXFileReference; lastKnownFileType = image.png; path = "74-location@2x.png"; sourceTree = "<group>"; };
		3F0CFE3B1631AF0100FAA6DD /* Default-568h@2x.png */ = {isa = PBXFileReference; lastKnownFileType = image.png; path = "Default-568h@2x.png"; sourceTree = "<group>"; };
		3F0CFE3C1631AF0100FAA6DD /* Default.png */ = {isa = PBXFileReference; lastKnownFileType = image.png; path = Default.png; sourceTree = "<group>"; };
		3F0CFE3D1631AF0100FAA6DD /* Default@2x.png */ = {isa = PBXFileReference; lastKnownFileType = image.png; path = "Default@2x.png"; sourceTree = "<group>"; };
		3F0CFE3E1631AF0100FAA6DD /* icon_144.png */ = {isa = PBXFileReference; lastKnownFileType = image.png; path = icon_144.png; sourceTree = "<group>"; };
		3F0CFE3F1631AF0100FAA6DD /* icon_57.png */ = {isa = PBXFileReference; lastKnownFileType = image.png; path = icon_57.png; sourceTree = "<group>"; };
		3F0CFE401631AF0100FAA6DD /* nav-bg.png */ = {isa = PBXFileReference; lastKnownFileType = image.png; path = "nav-bg.png"; sourceTree = "<group>"; };
		3F0CFE421631AF0100FAA6DD /* environment.jpg */ = {isa = PBXFileReference; lastKnownFileType = image.jpeg; path = environment.jpg; sourceTree = "<group>"; };
		3F0CFE431631AF0100FAA6DD /* fun.jpg */ = {isa = PBXFileReference; lastKnownFileType = image.jpeg; path = fun.jpg; sourceTree = "<group>"; };
		3F0CFE441631AF0100FAA6DD /* history.jpg */ = {isa = PBXFileReference; lastKnownFileType = image.jpeg; path = history.jpg; sourceTree = "<group>"; };
		3F0CFE451631AF0100FAA6DD /* housing.jpg */ = {isa = PBXFileReference; lastKnownFileType = image.jpeg; path = housing.jpg; sourceTree = "<group>"; };
		3F0CFE461631AF0100FAA6DD /* people.jpg */ = {isa = PBXFileReference; lastKnownFileType = image.jpeg; path = people.jpg; sourceTree = "<group>"; };
		3F0CFE471631AF0100FAA6DD /* Sitegeist iOS-Info.plist */ = {isa = PBXFileReference; fileEncoding = 4; lastKnownFileType = text.plist.xml; path = "Sitegeist iOS-Info.plist"; sourceTree = "<group>"; };
		3F0CFE5D1631B2B200FAA6DD /* main.m */ = {isa = PBXFileReference; fileEncoding = 4; lastKnownFileType = sourcecode.c.objc; path = main.m; sourceTree = "<group>"; };
		3F0CFE5E1631B2B200FAA6DD /* Sitegeist iOS-Prefix.pch */ = {isa = PBXFileReference; fileEncoding = 4; lastKnownFileType = sourcecode.c.h; path = "Sitegeist iOS-Prefix.pch"; sourceTree = "<group>"; };
		3F0CFE681631B3F900FAA6DD /* libz.dylib */ = {isa = PBXFileReference; lastKnownFileType = "compiled.mach-o.dylib"; name = libz.dylib; path = usr/lib/libz.dylib; sourceTree = SDKROOT; };
		3F0CFE891631C4BF00FAA6DD /* AFHTTPClient.h */ = {isa = PBXFileReference; fileEncoding = 4; lastKnownFileType = sourcecode.c.h; path = AFHTTPClient.h; sourceTree = "<group>"; };
		3F0CFE8A1631C4BF00FAA6DD /* AFHTTPClient.m */ = {isa = PBXFileReference; fileEncoding = 4; lastKnownFileType = sourcecode.c.objc; path = AFHTTPClient.m; sourceTree = "<group>"; };
		3F0CFE8B1631C4BF00FAA6DD /* AFHTTPRequestOperation.h */ = {isa = PBXFileReference; fileEncoding = 4; lastKnownFileType = sourcecode.c.h; path = AFHTTPRequestOperation.h; sourceTree = "<group>"; };
		3F0CFE8C1631C4BF00FAA6DD /* AFHTTPRequestOperation.m */ = {isa = PBXFileReference; fileEncoding = 4; lastKnownFileType = sourcecode.c.objc; path = AFHTTPRequestOperation.m; sourceTree = "<group>"; };
		3F0CFE8D1631C4BF00FAA6DD /* AFImageRequestOperation.h */ = {isa = PBXFileReference; fileEncoding = 4; lastKnownFileType = sourcecode.c.h; path = AFImageRequestOperation.h; sourceTree = "<group>"; };
		3F0CFE8E1631C4BF00FAA6DD /* AFImageRequestOperation.m */ = {isa = PBXFileReference; fileEncoding = 4; lastKnownFileType = sourcecode.c.objc; path = AFImageRequestOperation.m; sourceTree = "<group>"; };
		3F0CFE8F1631C4BF00FAA6DD /* AFJSONRequestOperation.h */ = {isa = PBXFileReference; fileEncoding = 4; lastKnownFileType = sourcecode.c.h; path = AFJSONRequestOperation.h; sourceTree = "<group>"; };
		3F0CFE901631C4BF00FAA6DD /* AFJSONRequestOperation.m */ = {isa = PBXFileReference; fileEncoding = 4; lastKnownFileType = sourcecode.c.objc; path = AFJSONRequestOperation.m; sourceTree = "<group>"; };
		3F0CFE911631C4BF00FAA6DD /* AFNetworkActivityIndicatorManager.h */ = {isa = PBXFileReference; fileEncoding = 4; lastKnownFileType = sourcecode.c.h; path = AFNetworkActivityIndicatorManager.h; sourceTree = "<group>"; };
		3F0CFE921631C4BF00FAA6DD /* AFNetworkActivityIndicatorManager.m */ = {isa = PBXFileReference; fileEncoding = 4; lastKnownFileType = sourcecode.c.objc; path = AFNetworkActivityIndicatorManager.m; sourceTree = "<group>"; };
		3F0CFE931631C4BF00FAA6DD /* AFNetworking.h */ = {isa = PBXFileReference; fileEncoding = 4; lastKnownFileType = sourcecode.c.h; path = AFNetworking.h; sourceTree = "<group>"; };
		3F0CFE941631C4BF00FAA6DD /* AFPropertyListRequestOperation.h */ = {isa = PBXFileReference; fileEncoding = 4; lastKnownFileType = sourcecode.c.h; path = AFPropertyListRequestOperation.h; sourceTree = "<group>"; };
		3F0CFE951631C4BF00FAA6DD /* AFPropertyListRequestOperation.m */ = {isa = PBXFileReference; fileEncoding = 4; lastKnownFileType = sourcecode.c.objc; path = AFPropertyListRequestOperation.m; sourceTree = "<group>"; };
		3F0CFE961631C4BF00FAA6DD /* AFURLConnectionOperation.h */ = {isa = PBXFileReference; fileEncoding = 4; lastKnownFileType = sourcecode.c.h; path = AFURLConnectionOperation.h; sourceTree = "<group>"; };
		3F0CFE971631C4BF00FAA6DD /* AFURLConnectionOperation.m */ = {isa = PBXFileReference; fileEncoding = 4; lastKnownFileType = sourcecode.c.objc; path = AFURLConnectionOperation.m; sourceTree = "<group>"; };
		3F0CFE981631C4BF00FAA6DD /* AFXMLRequestOperation.h */ = {isa = PBXFileReference; fileEncoding = 4; lastKnownFileType = sourcecode.c.h; path = AFXMLRequestOperation.h; sourceTree = "<group>"; };
		3F0CFE991631C4BF00FAA6DD /* AFXMLRequestOperation.m */ = {isa = PBXFileReference; fileEncoding = 4; lastKnownFileType = sourcecode.c.objc; path = AFXMLRequestOperation.m; sourceTree = "<group>"; };
		3F0CFE9A1631C4BF00FAA6DD /* UIImageView+AFNetworking.h */ = {isa = PBXFileReference; fileEncoding = 4; lastKnownFileType = sourcecode.c.h; path = "UIImageView+AFNetworking.h"; sourceTree = "<group>"; };
		3F0CFE9B1631C4BF00FAA6DD /* UIImageView+AFNetworking.m */ = {isa = PBXFileReference; fileEncoding = 4; lastKnownFileType = sourcecode.c.objc; path = "UIImageView+AFNetworking.m"; sourceTree = "<group>"; };
		3F0CFE9D1631C4BF00FAA6DD /* libTestFlight.a */ = {isa = PBXFileReference; lastKnownFileType = archive.ar; path = libTestFlight.a; sourceTree = "<group>"; };
		3F0CFE9E1631C4BF00FAA6DD /* README.md */ = {isa = PBXFileReference; fileEncoding = 4; lastKnownFileType = text; path = README.md; sourceTree = "<group>"; };
		3F0CFE9F1631C4C000FAA6DD /* release_notes.md */ = {isa = PBXFileReference; fileEncoding = 4; lastKnownFileType = text; path = release_notes.md; sourceTree = "<group>"; };
		3F0CFEA01631C4C000FAA6DD /* TestFlight.h */ = {isa = PBXFileReference; fileEncoding = 4; lastKnownFileType = sourcecode.c.h; path = TestFlight.h; sourceTree = "<group>"; };
		3F0CFEAD1631C7D600FAA6DD /* SFLoadingView.h */ = {isa = PBXFileReference; fileEncoding = 4; lastKnownFileType = sourcecode.c.h; path = SFLoadingView.h; sourceTree = "<group>"; };
		3F0CFEAE1631C7D600FAA6DD /* SFLoadingView.m */ = {isa = PBXFileReference; fileEncoding = 4; lastKnownFileType = sourcecode.c.objc; path = SFLoadingView.m; sourceTree = "<group>"; };
		3F2D6FCD161C9A57001E7791 /* MapKit.framework */ = {isa = PBXFileReference; lastKnownFileType = wrapper.framework; name = MapKit.framework; path = System/Library/Frameworks/MapKit.framework; sourceTree = SDKROOT; };
		3FC5C9A1161397860078EA3A /* Sitegeist iOS.app */ = {isa = PBXFileReference; explicitFileType = wrapper.application; includeInIndex = 0; path = "Sitegeist iOS.app"; sourceTree = BUILT_PRODUCTS_DIR; };
		3FC5C9A3161397860078EA3A /* Sitegeist iOSTests.octest */ = {isa = PBXFileReference; explicitFileType = wrapper.cfbundle; includeInIndex = 0; path = "Sitegeist iOSTests.octest"; sourceTree = BUILT_PRODUCTS_DIR; };
		3FC5C9A416139ECF0078EA3A /* QuartzCore.framework */ = {isa = PBXFileReference; lastKnownFileType = wrapper.framework; name = QuartzCore.framework; path = System/Library/Frameworks/QuartzCore.framework; sourceTree = SDKROOT; };
		3FD00CE216133E6B0096596F /* UIKit.framework */ = {isa = PBXFileReference; lastKnownFileType = wrapper.framework; name = UIKit.framework; path = System/Library/Frameworks/UIKit.framework; sourceTree = SDKROOT; };
		3FD00CE416133E6B0096596F /* Foundation.framework */ = {isa = PBXFileReference; lastKnownFileType = wrapper.framework; name = Foundation.framework; path = System/Library/Frameworks/Foundation.framework; sourceTree = SDKROOT; };
		3FD00CE616133E6B0096596F /* CoreGraphics.framework */ = {isa = PBXFileReference; lastKnownFileType = wrapper.framework; name = CoreGraphics.framework; path = System/Library/Frameworks/CoreGraphics.framework; sourceTree = SDKROOT; };
		3FD00D0016133E6C0096596F /* SenTestingKit.framework */ = {isa = PBXFileReference; lastKnownFileType = wrapper.framework; name = SenTestingKit.framework; path = Library/Frameworks/SenTestingKit.framework; sourceTree = DEVELOPER_DIR; };
		3FD00D0816133E6C0096596F /* Sitegeist iOSTests-Info.plist */ = {isa = PBXFileReference; lastKnownFileType = text.plist.xml; path = "Sitegeist iOSTests-Info.plist"; sourceTree = "<group>"; };
		3FD00D0A16133E6C0096596F /* en */ = {isa = PBXFileReference; lastKnownFileType = text.plist.strings; name = en; path = en.lproj/InfoPlist.strings; sourceTree = "<group>"; };
		3FD00D0C16133E6C0096596F /* Sitegeist_iOSTests.h */ = {isa = PBXFileReference; lastKnownFileType = sourcecode.c.h; path = Sitegeist_iOSTests.h; sourceTree = "<group>"; };
		3FD00D0D16133E6C0096596F /* Sitegeist_iOSTests.m */ = {isa = PBXFileReference; lastKnownFileType = sourcecode.c.objc; path = Sitegeist_iOSTests.m; sourceTree = "<group>"; };
/* End PBXFileReference section */

/* Begin PBXFrameworksBuildPhase section */
		3FD00CDB16133E6B0096596F /* Frameworks */ = {
			isa = PBXFrameworksBuildPhase;
			buildActionMask = 2147483647;
			files = (
				3F0CFE691631B3F900FAA6DD /* libz.dylib in Frameworks */,
				3F2D6FCE161C9A57001E7791 /* MapKit.framework in Frameworks */,
				3FC5C9A516139ECF0078EA3A /* QuartzCore.framework in Frameworks */,
				3FD00CE316133E6B0096596F /* UIKit.framework in Frameworks */,
				3FD00CE516133E6B0096596F /* Foundation.framework in Frameworks */,
				3FD00CE716133E6B0096596F /* CoreGraphics.framework in Frameworks */,
				3F0CFEAA1631C4C000FAA6DD /* libTestFlight.a in Frameworks */,
			);
			runOnlyForDeploymentPostprocessing = 0;
		};
		3FD00CFB16133E6C0096596F /* Frameworks */ = {
			isa = PBXFrameworksBuildPhase;
			buildActionMask = 2147483647;
			files = (
				3FD00D0116133E6C0096596F /* SenTestingKit.framework in Frameworks */,
				3FD00D0216133E6C0096596F /* UIKit.framework in Frameworks */,
				3FD00D0316133E6C0096596F /* Foundation.framework in Frameworks */,
			);
			runOnlyForDeploymentPostprocessing = 0;
		};
/* End PBXFrameworksBuildPhase section */

/* Begin PBXGroup section */
		3F0CFE111631AEFB00FAA6DD /* Classes */ = {
			isa = PBXGroup;
			children = (
				3F0CFE121631AEFB00FAA6DD /* Controllers */,
				3F0CFE201631AEFB00FAA6DD /* Views */,
				3F0CFE1C1631AEFB00FAA6DD /* MapPinAnnotation.h */,
				3F0CFE1D1631AEFB00FAA6DD /* MapPinAnnotation.m */,
				3F0CFE1E1631AEFB00FAA6DD /* SFAppDelegate.h */,
				3F0CFE1F1631AEFB00FAA6DD /* SFAppDelegate.m */,
			);
			path = Classes;
			sourceTree = "<group>";
		};
		3F0CFE121631AEFB00FAA6DD /* Controllers */ = {
			isa = PBXGroup;
			children = (
				3F0CFE131631AEFB00FAA6DD /* SFLocationViewController.h */,
				3F0CFE141631AEFB00FAA6DD /* SFLocationViewController.m */,
				3F0CFE151631AEFB00FAA6DD /* SFPaneViewController.h */,
				3F0CFE161631AEFB00FAA6DD /* SFPaneViewController.m */,
				3F0CFE171631AEFB00FAA6DD /* SFRadarViewController.h */,
				3F0CFE181631AEFB00FAA6DD /* SFRadarViewController.m */,
				3F0CFE191631AEFB00FAA6DD /* SFSitegeistViewController.h */,
				3F0CFE1A1631AEFB00FAA6DD /* SFSitegeistViewController.m */,
			);
			path = Controllers;
			sourceTree = "<group>";
		};
		3F0CFE201631AEFB00FAA6DD /* Views */ = {
			isa = PBXGroup;
			children = (
				3F0CFE211631AEFB00FAA6DD /* SFLocationView.h */,
				3F0CFE221631AEFB00FAA6DD /* SFLocationView.m */,
				3F0CFE231631AEFB00FAA6DD /* SFPaneView.h */,
				3F0CFE241631AEFB00FAA6DD /* SFPaneView.m */,
				3F0CFE251631AEFB00FAA6DD /* SFRadarView.h */,
				3F0CFE261631AEFB00FAA6DD /* SFRadarView.m */,
				3F0CFEAD1631C7D600FAA6DD /* SFLoadingView.h */,
				3F0CFEAE1631C7D600FAA6DD /* SFLoadingView.m */,
			);
			path = Views;
			sourceTree = "<group>";
		};
		3F0CFE311631AF0100FAA6DD /* Resources */ = {
			isa = PBXGroup;
			children = (
				3F0CFE321631AF0100FAA6DD /* InfoPlist.strings */,
				3F0CFE341631AF0100FAA6DD /* Images */,
				3F0CFE411631AF0100FAA6DD /* Mockups */,
				3F0CFE471631AF0100FAA6DD /* Sitegeist iOS-Info.plist */,
			);
			path = Resources;
			sourceTree = SOURCE_ROOT;
		};
		3F0CFE341631AF0100FAA6DD /* Images */ = {
			isa = PBXGroup;
			children = (
				3F0CFE351631AF0100FAA6DD /* 61-sunlight.png */,
				3F0CFE361631AF0100FAA6DD /* 61-sunlight@2x.png */,
				3F0CFE371631AF0100FAA6DD /* 73-radar.png */,
				3F0CFE381631AF0100FAA6DD /* 73-radar@2x.png */,
				3F0CFE391631AF0100FAA6DD /* 74-location.png */,
				3F0CFE3A1631AF0100FAA6DD /* 74-location@2x.png */,
				3F0CFE3B1631AF0100FAA6DD /* Default-568h@2x.png */,
				3F0CFE3C1631AF0100FAA6DD /* Default.png */,
				3F0CFE3D1631AF0100FAA6DD /* Default@2x.png */,
				3F0CFE3E1631AF0100FAA6DD /* icon_144.png */,
				3F0CFE3F1631AF0100FAA6DD /* icon_57.png */,
				3F0CFE401631AF0100FAA6DD /* nav-bg.png */,
			);
			path = Images;
			sourceTree = "<group>";
		};
		3F0CFE411631AF0100FAA6DD /* Mockups */ = {
			isa = PBXGroup;
			children = (
				3F0CFE421631AF0100FAA6DD /* environment.jpg */,
				3F0CFE431631AF0100FAA6DD /* fun.jpg */,
				3F0CFE441631AF0100FAA6DD /* history.jpg */,
				3F0CFE451631AF0100FAA6DD /* housing.jpg */,
				3F0CFE461631AF0100FAA6DD /* people.jpg */,
			);
			path = Mockups;
			sourceTree = "<group>";
		};
		3F0CFE5C1631B2B200FAA6DD /* Other Sources */ = {
			isa = PBXGroup;
			children = (
				3F0CFE5D1631B2B200FAA6DD /* main.m */,
				3F0CFE5E1631B2B200FAA6DD /* Sitegeist iOS-Prefix.pch */,
			);
			path = "Other Sources";
			sourceTree = "<group>";
		};
		3F0CFE871631C4BF00FAA6DD /* Vendor */ = {
			isa = PBXGroup;
			children = (
				3F0CFE881631C4BF00FAA6DD /* AFNetworking-0.10.1 */,
				3F0CFE9C1631C4BF00FAA6DD /* TestFlightSDK1.1 */,
			);
			path = Vendor;
			sourceTree = "<group>";
		};
		3F0CFE881631C4BF00FAA6DD /* AFNetworking-0.10.1 */ = {
			isa = PBXGroup;
			children = (
				3F0CFE891631C4BF00FAA6DD /* AFHTTPClient.h */,
				3F0CFE8A1631C4BF00FAA6DD /* AFHTTPClient.m */,
				3F0CFE8B1631C4BF00FAA6DD /* AFHTTPRequestOperation.h */,
				3F0CFE8C1631C4BF00FAA6DD /* AFHTTPRequestOperation.m */,
				3F0CFE8D1631C4BF00FAA6DD /* AFImageRequestOperation.h */,
				3F0CFE8E1631C4BF00FAA6DD /* AFImageRequestOperation.m */,
				3F0CFE8F1631C4BF00FAA6DD /* AFJSONRequestOperation.h */,
				3F0CFE901631C4BF00FAA6DD /* AFJSONRequestOperation.m */,
				3F0CFE911631C4BF00FAA6DD /* AFNetworkActivityIndicatorManager.h */,
				3F0CFE921631C4BF00FAA6DD /* AFNetworkActivityIndicatorManager.m */,
				3F0CFE931631C4BF00FAA6DD /* AFNetworking.h */,
				3F0CFE941631C4BF00FAA6DD /* AFPropertyListRequestOperation.h */,
				3F0CFE951631C4BF00FAA6DD /* AFPropertyListRequestOperation.m */,
				3F0CFE961631C4BF00FAA6DD /* AFURLConnectionOperation.h */,
				3F0CFE971631C4BF00FAA6DD /* AFURLConnectionOperation.m */,
				3F0CFE981631C4BF00FAA6DD /* AFXMLRequestOperation.h */,
				3F0CFE991631C4BF00FAA6DD /* AFXMLRequestOperation.m */,
				3F0CFE9A1631C4BF00FAA6DD /* UIImageView+AFNetworking.h */,
				3F0CFE9B1631C4BF00FAA6DD /* UIImageView+AFNetworking.m */,
			);
			path = "AFNetworking-0.10.1";
			sourceTree = "<group>";
		};
		3F0CFE9C1631C4BF00FAA6DD /* TestFlightSDK1.1 */ = {
			isa = PBXGroup;
			children = (
				3F0CFE9D1631C4BF00FAA6DD /* libTestFlight.a */,
				3F0CFE9E1631C4BF00FAA6DD /* README.md */,
				3F0CFE9F1631C4C000FAA6DD /* release_notes.md */,
				3F0CFEA01631C4C000FAA6DD /* TestFlight.h */,
			);
			path = TestFlightSDK1.1;
			sourceTree = "<group>";
		};
		3FD00CD316133E6B0096596F = {
			isa = PBXGroup;
			children = (
				3F0CFE111631AEFB00FAA6DD /* Classes */,
				3F0CFE5C1631B2B200FAA6DD /* Other Sources */,
				3F0CFE311631AF0100FAA6DD /* Resources */,
				3F0CFE871631C4BF00FAA6DD /* Vendor */,
				3FD00D0616133E6C0096596F /* Sitegeist iOSTests */,
				3FD00CE116133E6B0096596F /* Frameworks */,
				3FC5C9A1161397860078EA3A /* Sitegeist iOS.app */,
				3FC5C9A3161397860078EA3A /* Sitegeist iOSTests.octest */,
			);
			sourceTree = "<group>";
			usesTabs = 0;
		};
		3FD00CE116133E6B0096596F /* Frameworks */ = {
			isa = PBXGroup;
			children = (
				3F0CFE681631B3F900FAA6DD /* libz.dylib */,
				3F2D6FCD161C9A57001E7791 /* MapKit.framework */,
				3FC5C9A416139ECF0078EA3A /* QuartzCore.framework */,
				3FD00CE216133E6B0096596F /* UIKit.framework */,
				3FD00CE416133E6B0096596F /* Foundation.framework */,
				3FD00CE616133E6B0096596F /* CoreGraphics.framework */,
				3FD00D0016133E6C0096596F /* SenTestingKit.framework */,
			);
			name = Frameworks;
			sourceTree = "<group>";
		};
		3FD00D0616133E6C0096596F /* Sitegeist iOSTests */ = {
			isa = PBXGroup;
			children = (
				3FD00D0C16133E6C0096596F /* Sitegeist_iOSTests.h */,
				3FD00D0D16133E6C0096596F /* Sitegeist_iOSTests.m */,
				3FD00D0716133E6C0096596F /* Supporting Files */,
			);
			path = "Sitegeist iOSTests";
			sourceTree = "<group>";
		};
		3FD00D0716133E6C0096596F /* Supporting Files */ = {
			isa = PBXGroup;
			children = (
				3FD00D0816133E6C0096596F /* Sitegeist iOSTests-Info.plist */,
				3FD00D0916133E6C0096596F /* InfoPlist.strings */,
			);
			name = "Supporting Files";
			sourceTree = "<group>";
		};
/* End PBXGroup section */

/* Begin PBXNativeTarget section */
		3FD00CDD16133E6B0096596F /* Sitegeist iOS */ = {
			isa = PBXNativeTarget;
			buildConfigurationList = 3FD00D1116133E6C0096596F /* Build configuration list for PBXNativeTarget "Sitegeist iOS" */;
			buildPhases = (
				3FD00CDA16133E6B0096596F /* Sources */,
				3FD00CDB16133E6B0096596F /* Frameworks */,
				3FD00CDC16133E6B0096596F /* Resources */,
			);
			buildRules = (
			);
			dependencies = (
			);
			name = "Sitegeist iOS";
			productName = "Sitegeist iOS";
			productReference = 3FC5C9A1161397860078EA3A /* Sitegeist iOS.app */;
			productType = "com.apple.product-type.application";
		};
		3FD00CFE16133E6C0096596F /* Sitegeist iOSTests */ = {
			isa = PBXNativeTarget;
			buildConfigurationList = 3FD00D1416133E6C0096596F /* Build configuration list for PBXNativeTarget "Sitegeist iOSTests" */;
			buildPhases = (
				3FD00CFA16133E6C0096596F /* Sources */,
				3FD00CFB16133E6C0096596F /* Frameworks */,
				3FD00CFC16133E6C0096596F /* Resources */,
				3FD00CFD16133E6C0096596F /* ShellScript */,
			);
			buildRules = (
			);
			dependencies = (
				3FD00D0516133E6C0096596F /* PBXTargetDependency */,
			);
			name = "Sitegeist iOSTests";
			productName = "Sitegeist iOSTests";
			productReference = 3FC5C9A3161397860078EA3A /* Sitegeist iOSTests.octest */;
			productType = "com.apple.product-type.bundle";
		};
/* End PBXNativeTarget section */

/* Begin PBXProject section */
		3FD00CD516133E6B0096596F /* Project object */ = {
			isa = PBXProject;
			attributes = {
				CLASSPREFIX = SF;
				LastUpgradeCheck = 0450;
				ORGANIZATIONNAME = "Sunlight Foundation";
			};
			buildConfigurationList = 3FD00CD816133E6B0096596F /* Build configuration list for PBXProject "Sitegeist iOS" */;
			compatibilityVersion = "Xcode 3.2";
			developmentRegion = English;
			hasScannedForEncodings = 0;
			knownRegions = (
				en,
			);
			mainGroup = 3FD00CD316133E6B0096596F;
			productRefGroup = 3FD00CD316133E6B0096596F;
			projectDirPath = "";
			projectRoot = "";
			targets = (
				3FD00CDD16133E6B0096596F /* Sitegeist iOS */,
				3FD00CFE16133E6C0096596F /* Sitegeist iOSTests */,
			);
		};
/* End PBXProject section */

/* Begin PBXResourcesBuildPhase section */
		3FD00CDC16133E6B0096596F /* Resources */ = {
			isa = PBXResourcesBuildPhase;
			buildActionMask = 2147483647;
			files = (
				3F0CFE491631AF0100FAA6DD /* InfoPlist.strings in Resources */,
				3F0CFE4A1631AF0100FAA6DD /* 61-sunlight.png in Resources */,
				3F0CFE4B1631AF0100FAA6DD /* 61-sunlight@2x.png in Resources */,
				3F0CFE4C1631AF0100FAA6DD /* 73-radar.png in Resources */,
				3F0CFE4D1631AF0100FAA6DD /* 73-radar@2x.png in Resources */,
				3F0CFE4E1631AF0100FAA6DD /* 74-location.png in Resources */,
				3F0CFE4F1631AF0100FAA6DD /* 74-location@2x.png in Resources */,
				3F0CFE501631AF0100FAA6DD /* Default-568h@2x.png in Resources */,
				3F0CFE511631AF0100FAA6DD /* Default.png in Resources */,
				3F0CFE521631AF0100FAA6DD /* Default@2x.png in Resources */,
				3F0CFE531631AF0100FAA6DD /* icon_144.png in Resources */,
				3F0CFE541631AF0100FAA6DD /* icon_57.png in Resources */,
				3F0CFE551631AF0100FAA6DD /* nav-bg.png in Resources */,
				3F0CFE561631AF0100FAA6DD /* environment.jpg in Resources */,
				3F0CFE571631AF0100FAA6DD /* fun.jpg in Resources */,
				3F0CFE581631AF0100FAA6DD /* history.jpg in Resources */,
				3F0CFE591631AF0100FAA6DD /* housing.jpg in Resources */,
				3F0CFE5A1631AF0100FAA6DD /* people.jpg in Resources */,
				3F0CFE5B1631AF0100FAA6DD /* Sitegeist iOS-Info.plist in Resources */,
				3F0CFEAB1631C4C000FAA6DD /* README.md in Resources */,
				3F0CFEAC1631C4C000FAA6DD /* release_notes.md in Resources */,
			);
			runOnlyForDeploymentPostprocessing = 0;
		};
		3FD00CFC16133E6C0096596F /* Resources */ = {
			isa = PBXResourcesBuildPhase;
			buildActionMask = 2147483647;
			files = (
				3FD00D0B16133E6C0096596F /* InfoPlist.strings in Resources */,
			);
			runOnlyForDeploymentPostprocessing = 0;
		};
/* End PBXResourcesBuildPhase section */

/* Begin PBXShellScriptBuildPhase section */
		3FD00CFD16133E6C0096596F /* ShellScript */ = {
			isa = PBXShellScriptBuildPhase;
			buildActionMask = 2147483647;
			files = (
			);
			inputPaths = (
			);
			outputPaths = (
			);
			runOnlyForDeploymentPostprocessing = 0;
			shellPath = /bin/sh;
			shellScript = "# Run the unit tests in this test bundle.\n\"${SYSTEM_DEVELOPER_DIR}/Tools/RunUnitTests\"\n";
		};
/* End PBXShellScriptBuildPhase section */

/* Begin PBXSourcesBuildPhase section */
		3FD00CDA16133E6B0096596F /* Sources */ = {
			isa = PBXSourcesBuildPhase;
			buildActionMask = 2147483647;
			files = (
				3F0CFE271631AEFB00FAA6DD /* SFLocationViewController.m in Sources */,
				3F0CFE281631AEFB00FAA6DD /* SFPaneViewController.m in Sources */,
				3F0CFE291631AEFB00FAA6DD /* SFRadarViewController.m in Sources */,
				3F0CFE2A1631AEFB00FAA6DD /* SFSitegeistViewController.m in Sources */,
				3F0CFE2C1631AEFB00FAA6DD /* MapPinAnnotation.m in Sources */,
				3F0CFE2D1631AEFB00FAA6DD /* SFAppDelegate.m in Sources */,
				3F0CFE2E1631AEFB00FAA6DD /* SFLocationView.m in Sources */,
				3F0CFE2F1631AEFB00FAA6DD /* SFPaneView.m in Sources */,
				3F0CFE301631AEFB00FAA6DD /* SFRadarView.m in Sources */,
				3F0CFE5F1631B2B200FAA6DD /* main.m in Sources */,
				3F0CFEA11631C4C000FAA6DD /* AFHTTPClient.m in Sources */,
				3F0CFEA21631C4C000FAA6DD /* AFHTTPRequestOperation.m in Sources */,
				3F0CFEA31631C4C000FAA6DD /* AFImageRequestOperation.m in Sources */,
				3F0CFEA41631C4C000FAA6DD /* AFJSONRequestOperation.m in Sources */,
				3F0CFEA51631C4C000FAA6DD /* AFNetworkActivityIndicatorManager.m in Sources */,
				3F0CFEA61631C4C000FAA6DD /* AFPropertyListRequestOperation.m in Sources */,
				3F0CFEA71631C4C000FAA6DD /* AFURLConnectionOperation.m in Sources */,
				3F0CFEA81631C4C000FAA6DD /* AFXMLRequestOperation.m in Sources */,
				3F0CFEA91631C4C000FAA6DD /* UIImageView+AFNetworking.m in Sources */,
				3F0CFEAF1631C7D600FAA6DD /* SFLoadingView.m in Sources */,
			);
			runOnlyForDeploymentPostprocessing = 0;
		};
		3FD00CFA16133E6C0096596F /* Sources */ = {
			isa = PBXSourcesBuildPhase;
			buildActionMask = 2147483647;
			files = (
				3FD00D0E16133E6C0096596F /* Sitegeist_iOSTests.m in Sources */,
			);
			runOnlyForDeploymentPostprocessing = 0;
		};
/* End PBXSourcesBuildPhase section */

/* Begin PBXTargetDependency section */
		3FD00D0516133E6C0096596F /* PBXTargetDependency */ = {
			isa = PBXTargetDependency;
			target = 3FD00CDD16133E6B0096596F /* Sitegeist iOS */;
			targetProxy = 3FD00D0416133E6C0096596F /* PBXContainerItemProxy */;
		};
/* End PBXTargetDependency section */

/* Begin PBXVariantGroup section */
		3F0CFE321631AF0100FAA6DD /* InfoPlist.strings */ = {
			isa = PBXVariantGroup;
			children = (
				3F0CFE331631AF0100FAA6DD /* en */,
			);
			name = InfoPlist.strings;
			sourceTree = "<group>";
		};
		3FD00D0916133E6C0096596F /* InfoPlist.strings */ = {
			isa = PBXVariantGroup;
			children = (
				3FD00D0A16133E6C0096596F /* en */,
			);
			name = InfoPlist.strings;
			sourceTree = "<group>";
		};
/* End PBXVariantGroup section */

/* Begin XCBuildConfiguration section */
		3FD00D0F16133E6C0096596F /* Debug */ = {
			isa = XCBuildConfiguration;
			buildSettings = {
				ALWAYS_SEARCH_USER_PATHS = NO;
				CLANG_CXX_LANGUAGE_STANDARD = "gnu++0x";
				CLANG_CXX_LIBRARY = "libc++";
				CLANG_ENABLE_OBJC_ARC = YES;
				CLANG_WARN_EMPTY_BODY = YES;
				CLANG_WARN__DUPLICATE_METHOD_MATCH = YES;
				CODE_SIGN_IDENTITY = "iPhone Developer";
				"CODE_SIGN_IDENTITY[sdk=iphoneos*]" = "iPhone Developer";
				COPY_PHASE_STRIP = NO;
				GCC_C_LANGUAGE_STANDARD = gnu99;
				GCC_DYNAMIC_NO_PIC = NO;
				GCC_OPTIMIZATION_LEVEL = 0;
				GCC_PREPROCESSOR_DEFINITIONS = (
					"DEBUG=1",
					"$(inherited)",
				);
				GCC_SYMBOLS_PRIVATE_EXTERN = NO;
				GCC_WARN_ABOUT_RETURN_TYPE = YES;
				GCC_WARN_UNINITIALIZED_AUTOS = YES;
				GCC_WARN_UNUSED_VARIABLE = YES;
				IPHONEOS_DEPLOYMENT_TARGET = 6.0;
				PROVISIONING_PROFILE = "";
				"PROVISIONING_PROFILE[sdk=iphoneos*]" = "";
				SDKROOT = iphoneos;
			};
			name = Debug;
		};
		3FD00D1016133E6C0096596F /* Release */ = {
			isa = XCBuildConfiguration;
			buildSettings = {
				ALWAYS_SEARCH_USER_PATHS = NO;
				CLANG_CXX_LANGUAGE_STANDARD = "gnu++0x";
				CLANG_CXX_LIBRARY = "libc++";
				CLANG_ENABLE_OBJC_ARC = YES;
				CLANG_WARN_EMPTY_BODY = YES;
				CLANG_WARN__DUPLICATE_METHOD_MATCH = YES;
				CODE_SIGN_IDENTITY = "iPhone Distribution: Sunlight Foundation";
				"CODE_SIGN_IDENTITY[sdk=*]" = "iPhone Distribution: Sunlight Foundation";
				COPY_PHASE_STRIP = YES;
				GCC_C_LANGUAGE_STANDARD = gnu99;
				GCC_WARN_ABOUT_RETURN_TYPE = YES;
				GCC_WARN_UNINITIALIZED_AUTOS = YES;
				GCC_WARN_UNUSED_VARIABLE = YES;
				IPHONEOS_DEPLOYMENT_TARGET = 6.0;
				OTHER_CFLAGS = "-DNS_BLOCK_ASSERTIONS=1";
				PROVISIONING_PROFILE = "637E5BFC-DDA6-4AB5-B365-1A134E55C47A";
				"PROVISIONING_PROFILE[sdk=*]" = "637E5BFC-DDA6-4AB5-B365-1A134E55C47A";
				SDKROOT = iphoneos;
				VALIDATE_PRODUCT = YES;
			};
			name = Release;
		};
		3FD00D1216133E6C0096596F /* Debug */ = {
			isa = XCBuildConfiguration;
			buildSettings = {
				GCC_PRECOMPILE_PREFIX_HEADER = YES;
				GCC_PREFIX_HEADER = "Other Sources/Sitegeist iOS-Prefix.pch";
				INFOPLIST_FILE = "$(SRCROOT)/Resources/Sitegeist iOS-Info.plist";
				IPHONEOS_DEPLOYMENT_TARGET = 5.0;
				LIBRARY_SEARCH_PATHS = (
					"$(inherited)",
					"\"$(SRCROOT)/TestFlightSDK1.1\"",
					"\"$(SRCROOT)/Vendor/TestFlightSDK1.1\"",
				);
				PRODUCT_NAME = "$(TARGET_NAME)";
				WRAPPER_EXTENSION = app;
			};
			name = Debug;
		};
		3FD00D1316133E6C0096596F /* Release */ = {
			isa = XCBuildConfiguration;
			buildSettings = {
				GCC_PRECOMPILE_PREFIX_HEADER = YES;
				GCC_PREFIX_HEADER = "Other Sources/Sitegeist iOS-Prefix.pch";
				INFOPLIST_FILE = "$(SRCROOT)/Resources/Sitegeist iOS-Info.plist";
				IPHONEOS_DEPLOYMENT_TARGET = 5.0;
				LIBRARY_SEARCH_PATHS = (
					"$(inherited)",
					"\"$(SRCROOT)/TestFlightSDK1.1\"",
					"\"$(SRCROOT)/Vendor/TestFlightSDK1.1\"",
				);
				PRODUCT_NAME = "$(TARGET_NAME)";
				WRAPPER_EXTENSION = app;
			};
			name = Release;
		};
		3FD00D1516133E6C0096596F /* Debug */ = {
			isa = XCBuildConfiguration;
			buildSettings = {
				BUNDLE_LOADER = "$(BUILT_PRODUCTS_DIR)/Sitegeist iOS.app/Sitegeist iOS";
				FRAMEWORK_SEARCH_PATHS = (
					"\"$(SDKROOT)/Developer/Library/Frameworks\"",
					"\"$(DEVELOPER_LIBRARY_DIR)/Frameworks\"",
				);
				GCC_PRECOMPILE_PREFIX_HEADER = YES;
				GCC_PREFIX_HEADER = "Sitegeist iOS/Sitegeist iOS-Prefix.pch";
				INFOPLIST_FILE = "Sitegeist iOSTests/Sitegeist iOSTests-Info.plist";
				PRODUCT_NAME = "$(TARGET_NAME)";
				TEST_HOST = "$(BUNDLE_LOADER)";
				WRAPPER_EXTENSION = octest;
			};
			name = Debug;
		};
		3FD00D1616133E6C0096596F /* Release */ = {
			isa = XCBuildConfiguration;
			buildSettings = {
				BUNDLE_LOADER = "$(BUILT_PRODUCTS_DIR)/Sitegeist iOS.app/Sitegeist iOS";
				FRAMEWORK_SEARCH_PATHS = (
					"\"$(SDKROOT)/Developer/Library/Frameworks\"",
					"\"$(DEVELOPER_LIBRARY_DIR)/Frameworks\"",
				);
				GCC_PRECOMPILE_PREFIX_HEADER = YES;
				GCC_PREFIX_HEADER = "Sitegeist iOS/Sitegeist iOS-Prefix.pch";
				INFOPLIST_FILE = "Sitegeist iOSTests/Sitegeist iOSTests-Info.plist";
				PRODUCT_NAME = "$(TARGET_NAME)";
				TEST_HOST = "$(BUNDLE_LOADER)";
				WRAPPER_EXTENSION = octest;
			};
			name = Release;
		};
/* End XCBuildConfiguration section */

/* Begin XCConfigurationList section */
		3FD00CD816133E6B0096596F /* Build configuration list for PBXProject "Sitegeist iOS" */ = {
			isa = XCConfigurationList;
			buildConfigurations = (
				3FD00D0F16133E6C0096596F /* Debug */,
				3FD00D1016133E6C0096596F /* Release */,
			);
			defaultConfigurationIsVisible = 0;
			defaultConfigurationName = Release;
		};
		3FD00D1116133E6C0096596F /* Build configuration list for PBXNativeTarget "Sitegeist iOS" */ = {
			isa = XCConfigurationList;
			buildConfigurations = (
				3FD00D1216133E6C0096596F /* Debug */,
				3FD00D1316133E6C0096596F /* Release */,
			);
			defaultConfigurationIsVisible = 0;
			defaultConfigurationName = Release;
		};
		3FD00D1416133E6C0096596F /* Build configuration list for PBXNativeTarget "Sitegeist iOSTests" */ = {
			isa = XCConfigurationList;
			buildConfigurations = (
				3FD00D1516133E6C0096596F /* Debug */,
				3FD00D1616133E6C0096596F /* Release */,
			);
			defaultConfigurationIsVisible = 0;
			defaultConfigurationName = Release;
		};
/* End XCConfigurationList section */
	};
	rootObject = 3FD00CD516133E6B0096596F /* Project object */;
}
